// !$*UTF8*$!
{
	archiveVersion = 1;
	classes = {
	};
	objectVersion = 46;
	objects = {

/* Begin PBXBuildFile section */
		637C86A81E67288E00D6B0B0 /* AppDelegate.swift in Sources */ = {isa = PBXBuildFile; fileRef = 637C86A71E67288E00D6B0B0 /* AppDelegate.swift */; };
		637C86AA1E67288E00D6B0B0 /* ViewController.swift in Sources */ = {isa = PBXBuildFile; fileRef = 637C86A91E67288E00D6B0B0 /* ViewController.swift */; };
		637C86AD1E67288E00D6B0B0 /* Main.storyboard in Resources */ = {isa = PBXBuildFile; fileRef = 637C86AB1E67288E00D6B0B0 /* Main.storyboard */; };
		637C86AF1E67288E00D6B0B0 /* Assets.xcassets in Resources */ = {isa = PBXBuildFile; fileRef = 637C86AE1E67288E00D6B0B0 /* Assets.xcassets */; };
		637C86B21E67288E00D6B0B0 /* LaunchScreen.storyboard in Resources */ = {isa = PBXBuildFile; fileRef = 637C86B01E67288E00D6B0B0 /* LaunchScreen.storyboard */; };
		637C86BA1E6728A500D6B0B0 /* IOOperations.swift in Sources */ = {isa = PBXBuildFile; fileRef = 637C86B91E6728A500D6B0B0 /* IOOperations.swift */; };
		637C86BC1E672CB300D6B0B0 /* Profile.swift in Sources */ = {isa = PBXBuildFile; fileRef = 637C86BB1E672CB300D6B0B0 /* Profile.swift */; };
/* End PBXBuildFile section */

/* Begin PBXFileReference section */
		637C86A41E67288E00D6B0B0 /* Profile.app */ = {isa = PBXFileReference; explicitFileType = wrapper.application; includeInIndex = 0; path = Profile.app; sourceTree = BUILT_PRODUCTS_DIR; };
		637C86A71E67288E00D6B0B0 /* AppDelegate.swift */ = {isa = PBXFileReference; lastKnownFileType = sourcecode.swift; path = AppDelegate.swift; sourceTree = "<group>"; };
		637C86A91E67288E00D6B0B0 /* ViewController.swift */ = {isa = PBXFileReference; lastKnownFileType = sourcecode.swift; path = ViewController.swift; sourceTree = "<group>"; };
		637C86AC1E67288E00D6B0B0 /* Base */ = {isa = PBXFileReference; lastKnownFileType = file.storyboard; name = Base; path = Base.lproj/Main.storyboard; sourceTree = "<group>"; };
		637C86AE1E67288E00D6B0B0 /* Assets.xcassets */ = {isa = PBXFileReference; lastKnownFileType = folder.assetcatalog; path = Assets.xcassets; sourceTree = "<group>"; };
		637C86B11E67288E00D6B0B0 /* Base */ = {isa = PBXFileReference; lastKnownFileType = file.storyboard; name = Base; path = Base.lproj/LaunchScreen.storyboard; sourceTree = "<group>"; };
		637C86B31E67288E00D6B0B0 /* Info.plist */ = {isa = PBXFileReference; lastKnownFileType = text.plist.xml; path = Info.plist; sourceTree = "<group>"; };
		637C86B91E6728A500D6B0B0 /* IOOperations.swift */ = {isa = PBXFileReference; fileEncoding = 4; lastKnownFileType = sourcecode.swift; path = IOOperations.swift; sourceTree = "<group>"; };
		637C86BB1E672CB300D6B0B0 /* Profile.swift */ = {isa = PBXFileReference; fileEncoding = 4; lastKnownFileType = sourcecode.swift; path = Profile.swift; sourceTree = "<group>"; };
/* End PBXFileReference section */

/* Begin PBXFrameworksBuildPhase section */
		637C86A11E67288E00D6B0B0 /* Frameworks */ = {
			isa = PBXFrameworksBuildPhase;
			buildActionMask = 2147483647;
			files = (
			);
			runOnlyForDeploymentPostprocessing = 0;
		};
/* End PBXFrameworksBuildPhase section */

/* Begin PBXGroup section */
		637C869B1E67288E00D6B0B0 = {
			isa = PBXGroup;
			children = (
				637C86A61E67288E00D6B0B0 /* Profile */,
				637C86A51E67288E00D6B0B0 /* Products */,
			);
			sourceTree = "<group>";
		};
		637C86A51E67288E00D6B0B0 /* Products */ = {
			isa = PBXGroup;
			children = (
				637C86A41E67288E00D6B0B0 /* Profile.app */,
			);
			name = Products;
			sourceTree = "<group>";
		};
		637C86A61E67288E00D6B0B0 /* Profile */ = {
			isa = PBXGroup;
			children = (
				637C86A71E67288E00D6B0B0 /* AppDelegate.swift */,
				637C86A91E67288E00D6B0B0 /* ViewController.swift */,
				637C86BB1E672CB300D6B0B0 /* Profile.swift */,
				637C86B91E6728A500D6B0B0 /* IOOperations.swift */,
				637C86AB1E67288E00D6B0B0 /* Main.storyboard */,
				637C86AE1E67288E00D6B0B0 /* Assets.xcassets */,
				637C86B01E67288E00D6B0B0 /* LaunchScreen.storyboard */,
				637C86B31E67288E00D6B0B0 /* Info.plist */,
			);
			path = Profile;
			sourceTree = "<group>";
		};
/* End PBXGroup section */

/* Begin PBXNativeTarget section */
		637C86A31E67288E00D6B0B0 /* Profile */ = {
			isa = PBXNativeTarget;
			buildConfigurationList = 637C86B61E67288E00D6B0B0 /* Build configuration list for PBXNativeTarget "Profile" */;
			buildPhases = (
				637C86A01E67288E00D6B0B0 /* Sources */,
				637C86A11E67288E00D6B0B0 /* Frameworks */,
				637C86A21E67288E00D6B0B0 /* Resources */,
			);
			buildRules = (
			);
			dependencies = (
			);
			name = Profile;
			productName = Profile;
			productReference = 637C86A41E67288E00D6B0B0 /* Profile.app */;
			productType = "com.apple.product-type.application";
		};
/* End PBXNativeTarget section */

/* Begin PBXProject section */
		637C869C1E67288E00D6B0B0 /* Project object */ = {
			isa = PBXProject;
			attributes = {
				LastSwiftUpdateCheck = 0820;
				LastUpgradeCheck = 0820;
				ORGANIZATIONNAME = mipt;
				TargetAttributes = {
					637C86A31E67288E00D6B0B0 = {
						CreatedOnToolsVersion = 8.2.1;
						DevelopmentTeam = L9Q862K2CW;
						ProvisioningStyle = Automatic;
					};
				};
			};
			buildConfigurationList = 637C869F1E67288E00D6B0B0 /* Build configuration list for PBXProject "Profile" */;
			compatibilityVersion = "Xcode 3.2";
			developmentRegion = English;
			hasScannedForEncodings = 0;
			knownRegions = (
				en,
				Base,
			);
			mainGroup = 637C869B1E67288E00D6B0B0;
			productRefGroup = 637C86A51E67288E00D6B0B0 /* Products */;
			projectDirPath = "";
			projectRoot = "";
			targets = (
				637C86A31E67288E00D6B0B0 /* Profile */,
			);
		};
/* End PBXProject section */

/* Begin PBXResourcesBuildPhase section */
		637C86A21E67288E00D6B0B0 /* Resources */ = {
			isa = PBXResourcesBuildPhase;
			buildActionMask = 2147483647;
			files = (
				637C86B21E67288E00D6B0B0 /* LaunchScreen.storyboard in Resources */,
				637C86AF1E67288E00D6B0B0 /* Assets.xcassets in Resources */,
				637C86AD1E67288E00D6B0B0 /* Main.storyboard in Resources */,
			);
			runOnlyForDeploymentPostprocessing = 0;
		};
/* End PBXResourcesBuildPhase section */

/* Begin PBXSourcesBuildPhase section */
		637C86A01E67288E00D6B0B0 /* Sources */ = {
			isa = PBXSourcesBuildPhase;
			buildActionMask = 2147483647;
			files = (
				637C86AA1E67288E00D6B0B0 /* ViewController.swift in Sources */,
				637C86BC1E672CB300D6B0B0 /* Profile.swift in Sources */,
				637C86A81E67288E00D6B0B0 /* AppDelegate.swift in Sources */,
				637C86BA1E6728A500D6B0B0 /* IOOperations.swift in Sources */,
			);
			runOnlyForDeploymentPostprocessing = 0;
		};
/* End PBXSourcesBuildPhase section */

/* Begin PBXVariantGroup section */
		637C86AB1E67288E00D6B0B0 /* Main.storyboard */ = {
			isa = PBXVariantGroup;
			children = (
				637C86AC1E67288E00D6B0B0 /* Base */,
			);
			name = Main.storyboard;
			sourceTree = "<group>";
		};
		637C86B01E67288E00D6B0B0 /* LaunchScreen.storyboard */ = {
			isa = PBXVariantGroup;
			children = (
				637C86B11E67288E00D6B0B0 /* Base */,
			);
			name = LaunchScreen.storyboard;
			sourceTree = "<group>";
		};
/* End PBXVariantGroup section */

/* Begin XCBuildConfiguration section */
		637C86B41E67288E00D6B0B0 /* Debug */ = {
			isa = XCBuildConfiguration;
			buildSettings = {
				ALWAYS_SEARCH_USER_PATHS = NO;
				CLANG_ANALYZER_NONNULL = YES;
				CLANG_CXX_LANGUAGE_STANDARD = "gnu++0x";
				CLANG_CXX_LIBRARY = "libc++";
				CLANG_ENABLE_MODULES = YES;
				CLANG_ENABLE_OBJC_ARC = YES;
				CLANG_WARN_BOOL_CONVERSION = YES;
				CLANG_WARN_CONSTANT_CONVERSION = YES;
				CLANG_WARN_DIRECT_OBJC_ISA_USAGE = YES_ERROR;
				CLANG_WARN_DOCUMENTATION_COMMENTS = YES;
				CLANG_WARN_EMPTY_BODY = YES;
				CLANG_WARN_ENUM_CONVERSION = YES;
				CLANG_WARN_INFINITE_RECURSION = YES;
				CLANG_WARN_INT_CONVERSION = YES;
				CLANG_WARN_OBJC_ROOT_CLASS = YES_ERROR;
				CLANG_WARN_SUSPICIOUS_MOVE = YES;
				CLANG_WARN_UNREACHABLE_CODE = YES;
				CLANG_WARN__DUPLICATE_METHOD_MATCH = YES;
				"CODE_SIGN_IDENTITY[sdk=iphoneos*]" = "iPhone Developer";
				COPY_PHASE_STRIP = NO;
				DEBUG_INFORMATION_FORMAT = dwarf;
				ENABLE_STRICT_OBJC_MSGSEND = YES;
				ENABLE_TESTABILITY = YES;
				GCC_C_LANGUAGE_STANDARD = gnu99;
				GCC_DYNAMIC_NO_PIC = NO;
				GCC_NO_COMMON_BLOCKS = YES;
				GCC_OPTIMIZATION_LEVEL = 0;
				GCC_PREPROCESSOR_DEFINITIONS = (
					"DEBUG=1",
					"$(inherited)",
				);
				GCC_WARN_64_TO_32_BIT_CONVERSION = YES;
				GCC_WARN_ABOUT_RETURN_TYPE = YES_ERROR;
				GCC_WARN_UNDECLARED_SELECTOR = YES;
				GCC_WARN_UNINITIALIZED_AUTOS = YES_AGGRESSIVE;
				GCC_WARN_UNUSED_FUNCTION = YES;
				GCC_WARN_UNUSED_VARIABLE = YES;
				IPHONEOS_DEPLOYMENT_TARGET = 10.2;
				MTL_ENABLE_DEBUG_INFO = YES;
				ONLY_ACTIVE_ARCH = YES;
				SDKROOT = iphoneos;
				SWIFT_ACTIVE_COMPILATION_CONDITIONS = DEBUG;
				SWIFT_OPTIMIZATION_LEVEL = "-Onone";
				TARGETED_DEVICE_FAMILY = "1,2";
			};
			name = Debug;
		};
		637C86B51E67288E00D6B0B0 /* Release */ = {
			isa = XCBuildConfiguration;
			buildSettings = {
				ALWAYS_SEARCH_USER_PATHS = NO;
				CLANG_ANALYZER_NONNULL = YES;
				CLANG_CXX_LANGUAGE_STANDARD = "gnu++0x";
				CLANG_CXX_LIBRARY = "libc++";
				CLANG_ENABLE_MODULES = YES;
				CLANG_ENABLE_OBJC_ARC = YES;
				CLANG_WARN_BOOL_CONVERSION = YES;
				CLANG_WARN_CONSTANT_CONVERSION = YES;
				CLANG_WARN_DIRECT_OBJC_ISA_USAGE = YES_ERROR;
				CLANG_WARN_DOCUMENTATION_COMMENTS = YES;
				CLANG_WARN_EMPTY_BODY = YES;
				CLANG_WARN_ENUM_CONVERSION = YES;
				CLANG_WARN_INFINITE_RECURSION = YES;
				CLANG_WARN_INT_CONVERSION = YES;
				CLANG_WARN_OBJC_ROOT_CLASS = YES_ERROR;
				CLANG_WARN_SUSPICIOUS_MOVE = YES;
				CLANG_WARN_UNREACHABLE_CODE = YES;
				CLANG_WARN__DUPLICATE_METHOD_MATCH = YES;
				"CODE_SIGN_IDENTITY[sdk=iphoneos*]" = "iPhone Developer";
				COPY_PHASE_STRIP = NO;
				DEBUG_INFORMATION_FORMAT = "dwarf-with-dsym";
				ENABLE_NS_ASSERTIONS = NO;
				ENABLE_STRICT_OBJC_MSGSEND = YES;
				GCC_C_LANGUAGE_STANDARD = gnu99;
				GCC_NO_COMMON_BLOCKS = YES;
				GCC_WARN_64_TO_32_BIT_CONVERSION = YES;
				GCC_WARN_ABOUT_RETURN_TYPE = YES_ERROR;
				GCC_WARN_UNDECLARED_SELECTOR = YES;
				GCC_WARN_UNINITIALIZED_AUTOS = YES_AGGRESSIVE;
				GCC_WARN_UNUSED_FUNCTION = YES;
				GCC_WARN_UNUSED_VARIABLE = YES;
				IPHONEOS_DEPLOYMENT_TARGET = 10.2;
				MTL_ENABLE_DEBUG_INFO = NO;
				SDKROOT = iphoneos;
				SWIFT_OPTIMIZATION_LEVEL = "-Owholemodule";
				TARGETED_DEVICE_FAMILY = "1,2";
				VALIDATE_PRODUCT = YES;
			};
			name = Release;
		};
		637C86B71E67288E00D6B0B0 /* Debug */ = {
			isa = XCBuildConfiguration;
			buildSettings = {
				ASSETCATALOG_COMPILER_APPICON_NAME = AppIcon;
				DEVELOPMENT_TEAM = L9Q862K2CW;
				INFOPLIST_FILE = Profile/Info.plist;
				LD_RUNPATH_SEARCH_PATHS = "$(inherited) @executable_path/Frameworks";
				PRODUCT_BUNDLE_IDENTIFIER = com.mipt.Profile;
				PRODUCT_NAME = "$(TARGET_NAME)";
				SWIFT_VERSION = 3.0;
			};
			name = Debug;
		};
		637C86B81E67288E00D6B0B0 /* Release */ = {
			isa = XCBuildConfiguration;
			buildSettings = {
				ASSETCATALOG_COMPILER_APPICON_NAME = AppIcon;
				DEVELOPMENT_TEAM = L9Q862K2CW;
				INFOPLIST_FILE = Profile/Info.plist;
				LD_RUNPATH_SEARCH_PATHS = "$(inherited) @executable_path/Frameworks";
				PRODUCT_BUNDLE_IDENTIFIER = com.mipt.Profile;
				PRODUCT_NAME = "$(TARGET_NAME)";
				SWIFT_VERSION = 3.0;
			};
			name = Release;
		};
/* End XCBuildConfiguration section */

/* Begin XCConfigurationList section */
		637C869F1E67288E00D6B0B0 /* Build configuration list for PBXProject "Profile" */ = {
			isa = XCConfigurationList;
			buildConfigurations = (
				637C86B41E67288E00D6B0B0 /* Debug */,
				637C86B51E67288E00D6B0B0 /* Release */,
			);
			defaultConfigurationIsVisible = 0;
			defaultConfigurationName = Release;
		};
		637C86B61E67288E00D6B0B0 /* Build configuration list for PBXNativeTarget "Profile" */ = {
			isa = XCConfigurationList;
			buildConfigurations = (
				637C86B71E67288E00D6B0B0 /* Debug */,
				637C86B81E67288E00D6B0B0 /* Release */,
			);
			defaultConfigurationIsVisible = 0;
		};
/* End XCConfigurationList section */
	};
	rootObject = 637C869C1E67288E00D6B0B0 /* Project object */;
}
