// !$*UTF8*$!
{
	archiveVersion = 1;
	classes = {
	};
	objectVersion = 46;
	objects = {

/* Begin PBXBuildFile section */
		63458B991E67374B0090897F /* AppDelegate.swift in Sources */ = {isa = PBXBuildFile; fileRef = 63458B981E67374B0090897F /* AppDelegate.swift */; };
		63458B9B1E67374B0090897F /* ViewController.swift in Sources */ = {isa = PBXBuildFile; fileRef = 63458B9A1E67374B0090897F /* ViewController.swift */; };
		63458B9E1E67374B0090897F /* Main.storyboard in Resources */ = {isa = PBXBuildFile; fileRef = 63458B9C1E67374B0090897F /* Main.storyboard */; };
		63458BA01E67374B0090897F /* Assets.xcassets in Resources */ = {isa = PBXBuildFile; fileRef = 63458B9F1E67374B0090897F /* Assets.xcassets */; };
		63458BA31E67374B0090897F /* LaunchScreen.storyboard in Resources */ = {isa = PBXBuildFile; fileRef = 63458BA11E67374B0090897F /* LaunchScreen.storyboard */; };
/* End PBXBuildFile section */

/* Begin PBXFileReference section */
		63458B951E67374B0090897F /* Constrains.app */ = {isa = PBXFileReference; explicitFileType = wrapper.application; includeInIndex = 0; path = Constrains.app; sourceTree = BUILT_PRODUCTS_DIR; };
		63458B981E67374B0090897F /* AppDelegate.swift */ = {isa = PBXFileReference; lastKnownFileType = sourcecode.swift; path = AppDelegate.swift; sourceTree = "<group>"; };
		63458B9A1E67374B0090897F /* ViewController.swift */ = {isa = PBXFileReference; lastKnownFileType = sourcecode.swift; path = ViewController.swift; sourceTree = "<group>"; };
		63458B9D1E67374B0090897F /* Base */ = {isa = PBXFileReference; lastKnownFileType = file.storyboard; name = Base; path = Base.lproj/Main.storyboard; sourceTree = "<group>"; };
		63458B9F1E67374B0090897F /* Assets.xcassets */ = {isa = PBXFileReference; lastKnownFileType = folder.assetcatalog; path = Assets.xcassets; sourceTree = "<group>"; };
		63458BA21E67374B0090897F /* Base */ = {isa = PBXFileReference; lastKnownFileType = file.storyboard; name = Base; path = Base.lproj/LaunchScreen.storyboard; sourceTree = "<group>"; };
		63458BA41E67374B0090897F /* Info.plist */ = {isa = PBXFileReference; lastKnownFileType = text.plist.xml; path = Info.plist; sourceTree = "<group>"; };
/* End PBXFileReference section */

/* Begin PBXFrameworksBuildPhase section */
		63458B921E67374B0090897F /* Frameworks */ = {
			isa = PBXFrameworksBuildPhase;
			buildActionMask = 2147483647;
			files = (
			);
			runOnlyForDeploymentPostprocessing = 0;
		};
/* End PBXFrameworksBuildPhase section */

/* Begin PBXGroup section */
		63458B8C1E67374B0090897F = {
			isa = PBXGroup;
			children = (
				63458B971E67374B0090897F /* Constrains */,
				63458B961E67374B0090897F /* Products */,
			);
			sourceTree = "<group>";
		};
		63458B961E67374B0090897F /* Products */ = {
			isa = PBXGroup;
			children = (
				63458B951E67374B0090897F /* Constrains.app */,
			);
			name = Products;
			sourceTree = "<group>";
		};
		63458B971E67374B0090897F /* Constrains */ = {
			isa = PBXGroup;
			children = (
				63458B981E67374B0090897F /* AppDelegate.swift */,
				63458B9A1E67374B0090897F /* ViewController.swift */,
				63458B9C1E67374B0090897F /* Main.storyboard */,
				63458B9F1E67374B0090897F /* Assets.xcassets */,
				63458BA11E67374B0090897F /* LaunchScreen.storyboard */,
				63458BA41E67374B0090897F /* Info.plist */,
			);
			path = Constrains;
			sourceTree = "<group>";
		};
/* End PBXGroup section */

/* Begin PBXNativeTarget section */
		63458B941E67374B0090897F /* Constrains */ = {
			isa = PBXNativeTarget;
			buildConfigurationList = 63458BA71E67374B0090897F /* Build configuration list for PBXNativeTarget "Constrains" */;
			buildPhases = (
				63458B911E67374B0090897F /* Sources */,
				63458B921E67374B0090897F /* Frameworks */,
				63458B931E67374B0090897F /* Resources */,
			);
			buildRules = (
			);
			dependencies = (
			);
			name = Constrains;
			productName = Constrains;
			productReference = 63458B951E67374B0090897F /* Constrains.app */;
			productType = "com.apple.product-type.application";
		};
/* End PBXNativeTarget section */

/* Begin PBXProject section */
		63458B8D1E67374B0090897F /* Project object */ = {
			isa = PBXProject;
			attributes = {
				LastSwiftUpdateCheck = 0820;
				LastUpgradeCheck = 0820;
				ORGANIZATIONNAME = mipt;
				TargetAttributes = {
					63458B941E67374B0090897F = {
						CreatedOnToolsVersion = 8.2.1;
						DevelopmentTeam = L9Q862K2CW;
						ProvisioningStyle = Automatic;
					};
				};
			};
			buildConfigurationList = 63458B901E67374B0090897F /* Build configuration list for PBXProject "Constrains" */;
			compatibilityVersion = "Xcode 3.2";
			developmentRegion = English;
			hasScannedForEncodings = 0;
			knownRegions = (
				en,
				Base,
			);
			mainGroup = 63458B8C1E67374B0090897F;
			productRefGroup = 63458B961E67374B0090897F /* Products */;
			projectDirPath = "";
			projectRoot = "";
			targets = (
				63458B941E67374B0090897F /* Constrains */,
			);
		};
/* End PBXProject section */

/* Begin PBXResourcesBuildPhase section */
		63458B931E67374B0090897F /* Resources */ = {
			isa = PBXResourcesBuildPhase;
			buildActionMask = 2147483647;
			files = (
				63458BA31E67374B0090897F /* LaunchScreen.storyboard in Resources */,
				63458BA01E67374B0090897F /* Assets.xcassets in Resources */,
				63458B9E1E67374B0090897F /* Main.storyboard in Resources */,
			);
			runOnlyForDeploymentPostprocessing = 0;
		};
/* End PBXResourcesBuildPhase section */

/* Begin PBXSourcesBuildPhase section */
		63458B911E67374B0090897F /* Sources */ = {
			isa = PBXSourcesBuildPhase;
			buildActionMask = 2147483647;
			files = (
				63458B9B1E67374B0090897F /* ViewController.swift in Sources */,
				63458B991E67374B0090897F /* AppDelegate.swift in Sources */,
			);
			runOnlyForDeploymentPostprocessing = 0;
		};
/* End PBXSourcesBuildPhase section */

/* Begin PBXVariantGroup section */
		63458B9C1E67374B0090897F /* Main.storyboard */ = {
			isa = PBXVariantGroup;
			children = (
				63458B9D1E67374B0090897F /* Base */,
			);
			name = Main.storyboard;
			sourceTree = "<group>";
		};
		63458BA11E67374B0090897F /* LaunchScreen.storyboard */ = {
			isa = PBXVariantGroup;
			children = (
				63458BA21E67374B0090897F /* Base */,
			);
			name = LaunchScreen.storyboard;
			sourceTree = "<group>";
		};
/* End PBXVariantGroup section */

/* Begin XCBuildConfiguration section */
		63458BA51E67374B0090897F /* Debug */ = {
			isa = XCBuildConfiguration;
			buildSettings = {
				ALWAYS_SEARCH_USER_PATHS = NO;
				CLANG_ANALYZER_NONNULL = YES;
				CLANG_CXX_LANGUAGE_STANDARD = "gnu++0x";
				CLANG_CXX_LIBRARY = "libc++";
				CLANG_ENABLE_MODULES = YES;
				CLANG_ENABLE_OBJC_ARC = YES;
				CLANG_WARN_BOOL_CONVERSION = YES;
				CLANG_WARN_CONSTANT_CONVERSION = YES;
				CLANG_WARN_DIRECT_OBJC_ISA_USAGE = YES_ERROR;
				CLANG_WARN_DOCUMENTATION_COMMENTS = YES;
				CLANG_WARN_EMPTY_BODY = YES;
				CLANG_WARN_ENUM_CONVERSION = YES;
				CLANG_WARN_INFINITE_RECURSION = YES;
				CLANG_WARN_INT_CONVERSION = YES;
				CLANG_WARN_OBJC_ROOT_CLASS = YES_ERROR;
				CLANG_WARN_SUSPICIOUS_MOVE = YES;
				CLANG_WARN_UNREACHABLE_CODE = YES;
				CLANG_WARN__DUPLICATE_METHOD_MATCH = YES;
				"CODE_SIGN_IDENTITY[sdk=iphoneos*]" = "iPhone Developer";
				COPY_PHASE_STRIP = NO;
				DEBUG_INFORMATION_FORMAT = dwarf;
				ENABLE_STRICT_OBJC_MSGSEND = YES;
				ENABLE_TESTABILITY = YES;
				GCC_C_LANGUAGE_STANDARD = gnu99;
				GCC_DYNAMIC_NO_PIC = NO;
				GCC_NO_COMMON_BLOCKS = YES;
				GCC_OPTIMIZATION_LEVEL = 0;
				GCC_PREPROCESSOR_DEFINITIONS = (
					"DEBUG=1",
					"$(inherited)",
				);
				GCC_WARN_64_TO_32_BIT_CONVERSION = YES;
				GCC_WARN_ABOUT_RETURN_TYPE = YES_ERROR;
				GCC_WARN_UNDECLARED_SELECTOR = YES;
				GCC_WARN_UNINITIALIZED_AUTOS = YES_AGGRESSIVE;
				GCC_WARN_UNUSED_FUNCTION = YES;
				GCC_WARN_UNUSED_VARIABLE = YES;
				IPHONEOS_DEPLOYMENT_TARGET = 10.2;
				MTL_ENABLE_DEBUG_INFO = YES;
				ONLY_ACTIVE_ARCH = YES;
				SDKROOT = iphoneos;
				SWIFT_ACTIVE_COMPILATION_CONDITIONS = DEBUG;
				SWIFT_OPTIMIZATION_LEVEL = "-Onone";
				TARGETED_DEVICE_FAMILY = "1,2";
			};
			name = Debug;
		};
		63458BA61E67374B0090897F /* Release */ = {
			isa = XCBuildConfiguration;
			buildSettings = {
				ALWAYS_SEARCH_USER_PATHS = NO;
				CLANG_ANALYZER_NONNULL = YES;
				CLANG_CXX_LANGUAGE_STANDARD = "gnu++0x";
				CLANG_CXX_LIBRARY = "libc++";
				CLANG_ENABLE_MODULES = YES;
				CLANG_ENABLE_OBJC_ARC = YES;
				CLANG_WARN_BOOL_CONVERSION = YES;
				CLANG_WARN_CONSTANT_CONVERSION = YES;
				CLANG_WARN_DIRECT_OBJC_ISA_USAGE = YES_ERROR;
				CLANG_WARN_DOCUMENTATION_COMMENTS = YES;
				CLANG_WARN_EMPTY_BODY = YES;
				CLANG_WARN_ENUM_CONVERSION = YES;
				CLANG_WARN_INFINITE_RECURSION = YES;
				CLANG_WARN_INT_CONVERSION = YES;
				CLANG_WARN_OBJC_ROOT_CLASS = YES_ERROR;
				CLANG_WARN_SUSPICIOUS_MOVE = YES;
				CLANG_WARN_UNREACHABLE_CODE = YES;
				CLANG_WARN__DUPLICATE_METHOD_MATCH = YES;
				"CODE_SIGN_IDENTITY[sdk=iphoneos*]" = "iPhone Developer";
				COPY_PHASE_STRIP = NO;
				DEBUG_INFORMATION_FORMAT = "dwarf-with-dsym";
				ENABLE_NS_ASSERTIONS = NO;
				ENABLE_STRICT_OBJC_MSGSEND = YES;
				GCC_C_LANGUAGE_STANDARD = gnu99;
				GCC_NO_COMMON_BLOCKS = YES;
				GCC_WARN_64_TO_32_BIT_CONVERSION = YES;
				GCC_WARN_ABOUT_RETURN_TYPE = YES_ERROR;
				GCC_WARN_UNDECLARED_SELECTOR = YES;
				GCC_WARN_UNINITIALIZED_AUTOS = YES_AGGRESSIVE;
				GCC_WARN_UNUSED_FUNCTION = YES;
				GCC_WARN_UNUSED_VARIABLE = YES;
				IPHONEOS_DEPLOYMENT_TARGET = 10.2;
				MTL_ENABLE_DEBUG_INFO = NO;
				SDKROOT = iphoneos;
				SWIFT_OPTIMIZATION_LEVEL = "-Owholemodule";
				TARGETED_DEVICE_FAMILY = "1,2";
				VALIDATE_PRODUCT = YES;
			};
			name = Release;
		};
		63458BA81E67374B0090897F /* Debug */ = {
			isa = XCBuildConfiguration;
			buildSettings = {
				ASSETCATALOG_COMPILER_APPICON_NAME = AppIcon;
				DEVELOPMENT_TEAM = L9Q862K2CW;
				INFOPLIST_FILE = Constrains/Info.plist;
				LD_RUNPATH_SEARCH_PATHS = "$(inherited) @executable_path/Frameworks";
				PRODUCT_BUNDLE_IDENTIFIER = com.mipt.Constrains;
				PRODUCT_NAME = "$(TARGET_NAME)";
				SWIFT_VERSION = 3.0;
			};
			name = Debug;
		};
		63458BA91E67374B0090897F /* Release */ = {
			isa = XCBuildConfiguration;
			buildSettings = {
				ASSETCATALOG_COMPILER_APPICON_NAME = AppIcon;
				DEVELOPMENT_TEAM = L9Q862K2CW;
				INFOPLIST_FILE = Constrains/Info.plist;
				LD_RUNPATH_SEARCH_PATHS = "$(inherited) @executable_path/Frameworks";
				PRODUCT_BUNDLE_IDENTIFIER = com.mipt.Constrains;
				PRODUCT_NAME = "$(TARGET_NAME)";
				SWIFT_VERSION = 3.0;
			};
			name = Release;
		};
/* End XCBuildConfiguration section */

/* Begin XCConfigurationList section */
		63458B901E67374B0090897F /* Build configuration list for PBXProject "Constrains" */ = {
			isa = XCConfigurationList;
			buildConfigurations = (
				63458BA51E67374B0090897F /* Debug */,
				63458BA61E67374B0090897F /* Release */,
			);
			defaultConfigurationIsVisible = 0;
			defaultConfigurationName = Release;
		};
		63458BA71E67374B0090897F /* Build configuration list for PBXNativeTarget "Constrains" */ = {
			isa = XCConfigurationList;
			buildConfigurations = (
				63458BA81E67374B0090897F /* Debug */,
				63458BA91E67374B0090897F /* Release */,
			);
			defaultConfigurationIsVisible = 0;
		};
/* End XCConfigurationList section */
	};
	rootObject = 63458B8D1E67374B0090897F /* Project object */;
}
