// !$*UTF8*$!
{
	archiveVersion = 1;
	classes = {
	};
	objectVersion = 46;
	objects = {

/* Begin PBXBuildFile section */
		4C3E3C3F1E0AE02C006BFB7A /* AppDelegate.swift in Sources */ = {isa = PBXBuildFile; fileRef = 4C3E3C3E1E0AE02C006BFB7A /* AppDelegate.swift */; };
		4C3E3C411E0AE02C006BFB7A /* ViewController.swift in Sources */ = {isa = PBXBuildFile; fileRef = 4C3E3C401E0AE02C006BFB7A /* ViewController.swift */; };
		4C3E3C441E0AE02C006BFB7A /* Main.storyboard in Resources */ = {isa = PBXBuildFile; fileRef = 4C3E3C421E0AE02C006BFB7A /* Main.storyboard */; };
		4C3E3C461E0AE02C006BFB7A /* Assets.xcassets in Resources */ = {isa = PBXBuildFile; fileRef = 4C3E3C451E0AE02C006BFB7A /* Assets.xcassets */; };
		4C3E3C491E0AE02C006BFB7A /* LaunchScreen.storyboard in Resources */ = {isa = PBXBuildFile; fileRef = 4C3E3C471E0AE02C006BFB7A /* LaunchScreen.storyboard */; };
		4C3E3C511E0AE079006BFB7A /* PasswordGenerator.swift in Sources */ = {isa = PBXBuildFile; fileRef = 4C3E3C501E0AE079006BFB7A /* PasswordGenerator.swift */; };
		4C3E3C531E0AE7D7006BFB7A /* SettingsVC.swift in Sources */ = {isa = PBXBuildFile; fileRef = 4C3E3C521E0AE7D7006BFB7A /* SettingsVC.swift */; };
/* End PBXBuildFile section */

/* Begin PBXFileReference section */
		4C3E3C3B1E0AE02C006BFB7A /* Passworder.app */ = {isa = PBXFileReference; explicitFileType = wrapper.application; includeInIndex = 0; path = Passworder.app; sourceTree = BUILT_PRODUCTS_DIR; };
		4C3E3C3E1E0AE02C006BFB7A /* AppDelegate.swift */ = {isa = PBXFileReference; lastKnownFileType = sourcecode.swift; path = AppDelegate.swift; sourceTree = "<group>"; };
		4C3E3C401E0AE02C006BFB7A /* ViewController.swift */ = {isa = PBXFileReference; lastKnownFileType = sourcecode.swift; path = ViewController.swift; sourceTree = "<group>"; };
		4C3E3C431E0AE02C006BFB7A /* Base */ = {isa = PBXFileReference; lastKnownFileType = file.storyboard; name = Base; path = Base.lproj/Main.storyboard; sourceTree = "<group>"; };
		4C3E3C451E0AE02C006BFB7A /* Assets.xcassets */ = {isa = PBXFileReference; lastKnownFileType = folder.assetcatalog; path = Assets.xcassets; sourceTree = "<group>"; };
		4C3E3C481E0AE02C006BFB7A /* Base */ = {isa = PBXFileReference; lastKnownFileType = file.storyboard; name = Base; path = Base.lproj/LaunchScreen.storyboard; sourceTree = "<group>"; };
		4C3E3C4A1E0AE02C006BFB7A /* Info.plist */ = {isa = PBXFileReference; lastKnownFileType = text.plist.xml; path = Info.plist; sourceTree = "<group>"; };
		4C3E3C501E0AE079006BFB7A /* PasswordGenerator.swift */ = {isa = PBXFileReference; fileEncoding = 4; lastKnownFileType = sourcecode.swift; path = PasswordGenerator.swift; sourceTree = "<group>"; };
		4C3E3C521E0AE7D7006BFB7A /* SettingsVC.swift */ = {isa = PBXFileReference; fileEncoding = 4; lastKnownFileType = sourcecode.swift; path = SettingsVC.swift; sourceTree = "<group>"; };
/* End PBXFileReference section */

/* Begin PBXFrameworksBuildPhase section */
		4C3E3C381E0AE02C006BFB7A /* Frameworks */ = {
			isa = PBXFrameworksBuildPhase;
			buildActionMask = 2147483647;
			files = (
			);
			runOnlyForDeploymentPostprocessing = 0;
		};
/* End PBXFrameworksBuildPhase section */

/* Begin PBXGroup section */
		4C3E3C321E0AE02C006BFB7A = {
			isa = PBXGroup;
			children = (
				4C3E3C3D1E0AE02C006BFB7A /* Passworder */,
				4C3E3C3C1E0AE02C006BFB7A /* Products */,
			);
			sourceTree = "<group>";
		};
		4C3E3C3C1E0AE02C006BFB7A /* Products */ = {
			isa = PBXGroup;
			children = (
				4C3E3C3B1E0AE02C006BFB7A /* Passworder.app */,
			);
			name = Products;
			sourceTree = "<group>";
		};
		4C3E3C3D1E0AE02C006BFB7A /* Passworder */ = {
			isa = PBXGroup;
			children = (
				4C3E3C401E0AE02C006BFB7A /* ViewController.swift */,
				4C3E3C521E0AE7D7006BFB7A /* SettingsVC.swift */,
				4C3E3C501E0AE079006BFB7A /* PasswordGenerator.swift */,
				4C3E3C421E0AE02C006BFB7A /* Main.storyboard */,
				4CA6AFC41E0C532600A6F0B6 /* Supporting Files */,
			);
			path = Passworder;
			sourceTree = "<group>";
		};
		4CA6AFC41E0C532600A6F0B6 /* Supporting Files */ = {
			isa = PBXGroup;
			children = (
				4C3E3C3E1E0AE02C006BFB7A /* AppDelegate.swift */,
				4C3E3C451E0AE02C006BFB7A /* Assets.xcassets */,
				4C3E3C471E0AE02C006BFB7A /* LaunchScreen.storyboard */,
				4C3E3C4A1E0AE02C006BFB7A /* Info.plist */,
			);
			name = "Supporting Files";
			sourceTree = "<group>";
		};
/* End PBXGroup section */

/* Begin PBXNativeTarget section */
		4C3E3C3A1E0AE02C006BFB7A /* Passworder */ = {
			isa = PBXNativeTarget;
			buildConfigurationList = 4C3E3C4D1E0AE02C006BFB7A /* Build configuration list for PBXNativeTarget "Passworder" */;
			buildPhases = (
				4C3E3C371E0AE02C006BFB7A /* Sources */,
				4C3E3C381E0AE02C006BFB7A /* Frameworks */,
				4C3E3C391E0AE02C006BFB7A /* Resources */,
			);
			buildRules = (
			);
			dependencies = (
			);
			name = Passworder;
			productName = Passworder;
			productReference = 4C3E3C3B1E0AE02C006BFB7A /* Passworder.app */;
			productType = "com.apple.product-type.application";
		};
/* End PBXNativeTarget section */

/* Begin PBXProject section */
		4C3E3C331E0AE02C006BFB7A /* Project object */ = {
			isa = PBXProject;
			attributes = {
				LastSwiftUpdateCheck = 0820;
				LastUpgradeCheck = 0820;
				ORGANIZATIONNAME = "Anastasiia Soboleva";
				TargetAttributes = {
					4C3E3C3A1E0AE02C006BFB7A = {
						CreatedOnToolsVersion = 8.2;
						ProvisioningStyle = Automatic;
					};
				};
			};
			buildConfigurationList = 4C3E3C361E0AE02C006BFB7A /* Build configuration list for PBXProject "Passworder" */;
			compatibilityVersion = "Xcode 3.2";
			developmentRegion = English;
			hasScannedForEncodings = 0;
			knownRegions = (
				en,
				Base,
			);
			mainGroup = 4C3E3C321E0AE02C006BFB7A;
			productRefGroup = 4C3E3C3C1E0AE02C006BFB7A /* Products */;
			projectDirPath = "";
			projectRoot = "";
			targets = (
				4C3E3C3A1E0AE02C006BFB7A /* Passworder */,
			);
		};
/* End PBXProject section */

/* Begin PBXResourcesBuildPhase section */
		4C3E3C391E0AE02C006BFB7A /* Resources */ = {
			isa = PBXResourcesBuildPhase;
			buildActionMask = 2147483647;
			files = (
				4C3E3C491E0AE02C006BFB7A /* LaunchScreen.storyboard in Resources */,
				4C3E3C461E0AE02C006BFB7A /* Assets.xcassets in Resources */,
				4C3E3C441E0AE02C006BFB7A /* Main.storyboard in Resources */,
			);
			runOnlyForDeploymentPostprocessing = 0;
		};
/* End PBXResourcesBuildPhase section */

/* Begin PBXSourcesBuildPhase section */
		4C3E3C371E0AE02C006BFB7A /* Sources */ = {
			isa = PBXSourcesBuildPhase;
			buildActionMask = 2147483647;
			files = (
				4C3E3C411E0AE02C006BFB7A /* ViewController.swift in Sources */,
				4C3E3C531E0AE7D7006BFB7A /* SettingsVC.swift in Sources */,
				4C3E3C3F1E0AE02C006BFB7A /* AppDelegate.swift in Sources */,
				4C3E3C511E0AE079006BFB7A /* PasswordGenerator.swift in Sources */,
			);
			runOnlyForDeploymentPostprocessing = 0;
		};
/* End PBXSourcesBuildPhase section */

/* Begin PBXVariantGroup section */
		4C3E3C421E0AE02C006BFB7A /* Main.storyboard */ = {
			isa = PBXVariantGroup;
			children = (
				4C3E3C431E0AE02C006BFB7A /* Base */,
			);
			name = Main.storyboard;
			sourceTree = "<group>";
		};
		4C3E3C471E0AE02C006BFB7A /* LaunchScreen.storyboard */ = {
			isa = PBXVariantGroup;
			children = (
				4C3E3C481E0AE02C006BFB7A /* Base */,
			);
			name = LaunchScreen.storyboard;
			sourceTree = "<group>";
		};
/* End PBXVariantGroup section */

/* Begin XCBuildConfiguration section */
		4C3E3C4B1E0AE02C006BFB7A /* Debug */ = {
			isa = XCBuildConfiguration;
			buildSettings = {
				ALWAYS_SEARCH_USER_PATHS = NO;
				CLANG_ANALYZER_NONNULL = YES;
				CLANG_CXX_LANGUAGE_STANDARD = "gnu++0x";
				CLANG_CXX_LIBRARY = "libc++";
				CLANG_ENABLE_MODULES = YES;
				CLANG_ENABLE_OBJC_ARC = YES;
				CLANG_WARN_BOOL_CONVERSION = YES;
				CLANG_WARN_CONSTANT_CONVERSION = YES;
				CLANG_WARN_DIRECT_OBJC_ISA_USAGE = YES_ERROR;
				CLANG_WARN_DOCUMENTATION_COMMENTS = YES;
				CLANG_WARN_EMPTY_BODY = YES;
				CLANG_WARN_ENUM_CONVERSION = YES;
				CLANG_WARN_INFINITE_RECURSION = YES;
				CLANG_WARN_INT_CONVERSION = YES;
				CLANG_WARN_OBJC_ROOT_CLASS = YES_ERROR;
				CLANG_WARN_SUSPICIOUS_MOVE = YES;
				CLANG_WARN_UNREACHABLE_CODE = YES;
				CLANG_WARN__DUPLICATE_METHOD_MATCH = YES;
				"CODE_SIGN_IDENTITY[sdk=iphoneos*]" = "iPhone Developer";
				COPY_PHASE_STRIP = NO;
				DEBUG_INFORMATION_FORMAT = dwarf;
				ENABLE_STRICT_OBJC_MSGSEND = YES;
				ENABLE_TESTABILITY = YES;
				GCC_C_LANGUAGE_STANDARD = gnu99;
				GCC_DYNAMIC_NO_PIC = NO;
				GCC_NO_COMMON_BLOCKS = YES;
				GCC_OPTIMIZATION_LEVEL = 0;
				GCC_PREPROCESSOR_DEFINITIONS = (
					"DEBUG=1",
					"$(inherited)",
				);
				GCC_WARN_64_TO_32_BIT_CONVERSION = YES;
				GCC_WARN_ABOUT_RETURN_TYPE = YES_ERROR;
				GCC_WARN_UNDECLARED_SELECTOR = YES;
				GCC_WARN_UNINITIALIZED_AUTOS = YES_AGGRESSIVE;
				GCC_WARN_UNUSED_FUNCTION = YES;
				GCC_WARN_UNUSED_VARIABLE = YES;
				IPHONEOS_DEPLOYMENT_TARGET = 10.2;
				MTL_ENABLE_DEBUG_INFO = YES;
				ONLY_ACTIVE_ARCH = YES;
				SDKROOT = iphoneos;
				SWIFT_ACTIVE_COMPILATION_CONDITIONS = DEBUG;
				SWIFT_OPTIMIZATION_LEVEL = "-Onone";
			};
			name = Debug;
		};
		4C3E3C4C1E0AE02C006BFB7A /* Release */ = {
			isa = XCBuildConfiguration;
			buildSettings = {
				ALWAYS_SEARCH_USER_PATHS = NO;
				CLANG_ANALYZER_NONNULL = YES;
				CLANG_CXX_LANGUAGE_STANDARD = "gnu++0x";
				CLANG_CXX_LIBRARY = "libc++";
				CLANG_ENABLE_MODULES = YES;
				CLANG_ENABLE_OBJC_ARC = YES;
				CLANG_WARN_BOOL_CONVERSION = YES;
				CLANG_WARN_CONSTANT_CONVERSION = YES;
				CLANG_WARN_DIRECT_OBJC_ISA_USAGE = YES_ERROR;
				CLANG_WARN_DOCUMENTATION_COMMENTS = YES;
				CLANG_WARN_EMPTY_BODY = YES;
				CLANG_WARN_ENUM_CONVERSION = YES;
				CLANG_WARN_INFINITE_RECURSION = YES;
				CLANG_WARN_INT_CONVERSION = YES;
				CLANG_WARN_OBJC_ROOT_CLASS = YES_ERROR;
				CLANG_WARN_SUSPICIOUS_MOVE = YES;
				CLANG_WARN_UNREACHABLE_CODE = YES;
				CLANG_WARN__DUPLICATE_METHOD_MATCH = YES;
				"CODE_SIGN_IDENTITY[sdk=iphoneos*]" = "iPhone Developer";
				COPY_PHASE_STRIP = NO;
				DEBUG_INFORMATION_FORMAT = "dwarf-with-dsym";
				ENABLE_NS_ASSERTIONS = NO;
				ENABLE_STRICT_OBJC_MSGSEND = YES;
				GCC_C_LANGUAGE_STANDARD = gnu99;
				GCC_NO_COMMON_BLOCKS = YES;
				GCC_WARN_64_TO_32_BIT_CONVERSION = YES;
				GCC_WARN_ABOUT_RETURN_TYPE = YES_ERROR;
				GCC_WARN_UNDECLARED_SELECTOR = YES;
				GCC_WARN_UNINITIALIZED_AUTOS = YES_AGGRESSIVE;
				GCC_WARN_UNUSED_FUNCTION = YES;
				GCC_WARN_UNUSED_VARIABLE = YES;
				IPHONEOS_DEPLOYMENT_TARGET = 10.2;
				MTL_ENABLE_DEBUG_INFO = NO;
				SDKROOT = iphoneos;
				SWIFT_OPTIMIZATION_LEVEL = "-Owholemodule";
				VALIDATE_PRODUCT = YES;
			};
			name = Release;
		};
		4C3E3C4E1E0AE02C006BFB7A /* Debug */ = {
			isa = XCBuildConfiguration;
			buildSettings = {
				ASSETCATALOG_COMPILER_APPICON_NAME = AppIcon;
				INFOPLIST_FILE = Passworder/Info.plist;
				LD_RUNPATH_SEARCH_PATHS = "$(inherited) @executable_path/Frameworks";
				PRODUCT_BUNDLE_IDENTIFIER = com.mipt.Passworder;
				PRODUCT_NAME = "$(TARGET_NAME)";
				SWIFT_VERSION = 3.0;
			};
			name = Debug;
		};
		4C3E3C4F1E0AE02C006BFB7A /* Release */ = {
			isa = XCBuildConfiguration;
			buildSettings = {
				ASSETCATALOG_COMPILER_APPICON_NAME = AppIcon;
				INFOPLIST_FILE = Passworder/Info.plist;
				LD_RUNPATH_SEARCH_PATHS = "$(inherited) @executable_path/Frameworks";
				PRODUCT_BUNDLE_IDENTIFIER = com.mipt.Passworder;
				PRODUCT_NAME = "$(TARGET_NAME)";
				SWIFT_VERSION = 3.0;
			};
			name = Release;
		};
/* End XCBuildConfiguration section */

/* Begin XCConfigurationList section */
		4C3E3C361E0AE02C006BFB7A /* Build configuration list for PBXProject "Passworder" */ = {
			isa = XCConfigurationList;
			buildConfigurations = (
				4C3E3C4B1E0AE02C006BFB7A /* Debug */,
				4C3E3C4C1E0AE02C006BFB7A /* Release */,
			);
			defaultConfigurationIsVisible = 0;
			defaultConfigurationName = Release;
		};
		4C3E3C4D1E0AE02C006BFB7A /* Build configuration list for PBXNativeTarget "Passworder" */ = {
			isa = XCConfigurationList;
			buildConfigurations = (
				4C3E3C4E1E0AE02C006BFB7A /* Debug */,
				4C3E3C4F1E0AE02C006BFB7A /* Release */,
			);
			defaultConfigurationIsVisible = 0;
			defaultConfigurationName = Release;
		};
/* End XCConfigurationList section */
	};
	rootObject = 4C3E3C331E0AE02C006BFB7A /* Project object */;
}
