// !$*UTF8*$!
{
	archiveVersion = 1;
	classes = {
	};
	objectVersion = 46;
	objects = {

/* Begin PBXBuildFile section */
		4C09B0191E954199006EE1CC /* AppDelegate.swift in Sources */ = {isa = PBXBuildFile; fileRef = 4C09B0181E954199006EE1CC /* AppDelegate.swift */; };
		4C09B01B1E954199006EE1CC /* ViewController.swift in Sources */ = {isa = PBXBuildFile; fileRef = 4C09B01A1E954199006EE1CC /* ViewController.swift */; };
		4C09B01E1E954199006EE1CC /* Main.storyboard in Resources */ = {isa = PBXBuildFile; fileRef = 4C09B01C1E954199006EE1CC /* Main.storyboard */; };
		4C09B0201E954199006EE1CC /* Assets.xcassets in Resources */ = {isa = PBXBuildFile; fileRef = 4C09B01F1E954199006EE1CC /* Assets.xcassets */; };
		4C09B0231E954199006EE1CC /* LaunchScreen.storyboard in Resources */ = {isa = PBXBuildFile; fileRef = 4C09B0211E954199006EE1CC /* LaunchScreen.storyboard */; };
		4C09B02B1E954613006EE1CC /* WeatherVC.swift in Sources */ = {isa = PBXBuildFile; fileRef = 4C09B02A1E954613006EE1CC /* WeatherVC.swift */; };
		4C09B02D1E95465D006EE1CC /* Request.swift in Sources */ = {isa = PBXBuildFile; fileRef = 4C09B02C1E95465D006EE1CC /* Request.swift */; };
		4C09B02F1E9555AB006EE1CC /* Weather.swift in Sources */ = {isa = PBXBuildFile; fileRef = 4C09B02E1E9555AB006EE1CC /* Weather.swift */; };
/* End PBXBuildFile section */

/* Begin PBXFileReference section */
		4C09B0151E954199006EE1CC /* Forecast.app */ = {isa = PBXFileReference; explicitFileType = wrapper.application; includeInIndex = 0; path = Forecast.app; sourceTree = BUILT_PRODUCTS_DIR; };
		4C09B0181E954199006EE1CC /* AppDelegate.swift */ = {isa = PBXFileReference; lastKnownFileType = sourcecode.swift; path = AppDelegate.swift; sourceTree = "<group>"; };
		4C09B01A1E954199006EE1CC /* ViewController.swift */ = {isa = PBXFileReference; lastKnownFileType = sourcecode.swift; path = ViewController.swift; sourceTree = "<group>"; };
		4C09B01D1E954199006EE1CC /* Base */ = {isa = PBXFileReference; lastKnownFileType = file.storyboard; name = Base; path = Base.lproj/Main.storyboard; sourceTree = "<group>"; };
		4C09B01F1E954199006EE1CC /* Assets.xcassets */ = {isa = PBXFileReference; lastKnownFileType = folder.assetcatalog; path = Assets.xcassets; sourceTree = "<group>"; };
		4C09B0221E954199006EE1CC /* Base */ = {isa = PBXFileReference; lastKnownFileType = file.storyboard; name = Base; path = Base.lproj/LaunchScreen.storyboard; sourceTree = "<group>"; };
		4C09B0241E954199006EE1CC /* Info.plist */ = {isa = PBXFileReference; lastKnownFileType = text.plist.xml; path = Info.plist; sourceTree = "<group>"; };
		4C09B02A1E954613006EE1CC /* WeatherVC.swift */ = {isa = PBXFileReference; fileEncoding = 4; lastKnownFileType = sourcecode.swift; path = WeatherVC.swift; sourceTree = "<group>"; };
		4C09B02C1E95465D006EE1CC /* Request.swift */ = {isa = PBXFileReference; fileEncoding = 4; lastKnownFileType = sourcecode.swift; path = Request.swift; sourceTree = "<group>"; };
		4C09B02E1E9555AB006EE1CC /* Weather.swift */ = {isa = PBXFileReference; fileEncoding = 4; lastKnownFileType = sourcecode.swift; path = Weather.swift; sourceTree = "<group>"; };
/* End PBXFileReference section */

/* Begin PBXFrameworksBuildPhase section */
		4C09B0121E954199006EE1CC /* Frameworks */ = {
			isa = PBXFrameworksBuildPhase;
			buildActionMask = 2147483647;
			files = (
			);
			runOnlyForDeploymentPostprocessing = 0;
		};
/* End PBXFrameworksBuildPhase section */

/* Begin PBXGroup section */
		4C09B00C1E954199006EE1CC = {
			isa = PBXGroup;
			children = (
				4C09B0171E954199006EE1CC /* Forecast */,
				4C09B0161E954199006EE1CC /* Products */,
			);
			sourceTree = "<group>";
		};
		4C09B0161E954199006EE1CC /* Products */ = {
			isa = PBXGroup;
			children = (
				4C09B0151E954199006EE1CC /* Forecast.app */,
			);
			name = Products;
			sourceTree = "<group>";
		};
		4C09B0171E954199006EE1CC /* Forecast */ = {
			isa = PBXGroup;
			children = (
				4C09B0181E954199006EE1CC /* AppDelegate.swift */,
				4C09B01A1E954199006EE1CC /* ViewController.swift */,
				4C09B02A1E954613006EE1CC /* WeatherVC.swift */,
				4C09B02C1E95465D006EE1CC /* Request.swift */,
				4C09B02E1E9555AB006EE1CC /* Weather.swift */,
				4C09B01C1E954199006EE1CC /* Main.storyboard */,
				4C09B01F1E954199006EE1CC /* Assets.xcassets */,
				4C09B0211E954199006EE1CC /* LaunchScreen.storyboard */,
				4C09B0241E954199006EE1CC /* Info.plist */,
			);
			path = Forecast;
			sourceTree = "<group>";
		};
/* End PBXGroup section */

/* Begin PBXNativeTarget section */
		4C09B0141E954199006EE1CC /* Forecast */ = {
			isa = PBXNativeTarget;
			buildConfigurationList = 4C09B0271E954199006EE1CC /* Build configuration list for PBXNativeTarget "Forecast" */;
			buildPhases = (
				4C09B0111E954199006EE1CC /* Sources */,
				4C09B0121E954199006EE1CC /* Frameworks */,
				4C09B0131E954199006EE1CC /* Resources */,
			);
			buildRules = (
			);
			dependencies = (
			);
			name = Forecast;
			productName = Forecast;
			productReference = 4C09B0151E954199006EE1CC /* Forecast.app */;
			productType = "com.apple.product-type.application";
		};
/* End PBXNativeTarget section */

/* Begin PBXProject section */
		4C09B00D1E954199006EE1CC /* Project object */ = {
			isa = PBXProject;
			attributes = {
				LastSwiftUpdateCheck = 0830;
				LastUpgradeCheck = 0830;
				ORGANIZATIONNAME = "Anastasiia Soboleva";
				TargetAttributes = {
					4C09B0141E954199006EE1CC = {
						CreatedOnToolsVersion = 8.3;
						DevelopmentTeam = T546EF756E;
						ProvisioningStyle = Automatic;
					};
				};
			};
			buildConfigurationList = 4C09B0101E954199006EE1CC /* Build configuration list for PBXProject "Forecast" */;
			compatibilityVersion = "Xcode 3.2";
			developmentRegion = English;
			hasScannedForEncodings = 0;
			knownRegions = (
				en,
				Base,
			);
			mainGroup = 4C09B00C1E954199006EE1CC;
			productRefGroup = 4C09B0161E954199006EE1CC /* Products */;
			projectDirPath = "";
			projectRoot = "";
			targets = (
				4C09B0141E954199006EE1CC /* Forecast */,
			);
		};
/* End PBXProject section */

/* Begin PBXResourcesBuildPhase section */
		4C09B0131E954199006EE1CC /* Resources */ = {
			isa = PBXResourcesBuildPhase;
			buildActionMask = 2147483647;
			files = (
				4C09B0231E954199006EE1CC /* LaunchScreen.storyboard in Resources */,
				4C09B0201E954199006EE1CC /* Assets.xcassets in Resources */,
				4C09B01E1E954199006EE1CC /* Main.storyboard in Resources */,
			);
			runOnlyForDeploymentPostprocessing = 0;
		};
/* End PBXResourcesBuildPhase section */

/* Begin PBXSourcesBuildPhase section */
		4C09B0111E954199006EE1CC /* Sources */ = {
			isa = PBXSourcesBuildPhase;
			buildActionMask = 2147483647;
			files = (
				4C09B01B1E954199006EE1CC /* ViewController.swift in Sources */,
				4C09B02D1E95465D006EE1CC /* Request.swift in Sources */,
				4C09B02B1E954613006EE1CC /* WeatherVC.swift in Sources */,
				4C09B0191E954199006EE1CC /* AppDelegate.swift in Sources */,
				4C09B02F1E9555AB006EE1CC /* Weather.swift in Sources */,
			);
			runOnlyForDeploymentPostprocessing = 0;
		};
/* End PBXSourcesBuildPhase section */

/* Begin PBXVariantGroup section */
		4C09B01C1E954199006EE1CC /* Main.storyboard */ = {
			isa = PBXVariantGroup;
			children = (
				4C09B01D1E954199006EE1CC /* Base */,
			);
			name = Main.storyboard;
			sourceTree = "<group>";
		};
		4C09B0211E954199006EE1CC /* LaunchScreen.storyboard */ = {
			isa = PBXVariantGroup;
			children = (
				4C09B0221E954199006EE1CC /* Base */,
			);
			name = LaunchScreen.storyboard;
			sourceTree = "<group>";
		};
/* End PBXVariantGroup section */

/* Begin XCBuildConfiguration section */
		4C09B0251E954199006EE1CC /* Debug */ = {
			isa = XCBuildConfiguration;
			buildSettings = {
				ALWAYS_SEARCH_USER_PATHS = NO;
				CLANG_ANALYZER_NONNULL = YES;
				CLANG_ANALYZER_NUMBER_OBJECT_CONVERSION = YES_AGGRESSIVE;
				CLANG_CXX_LANGUAGE_STANDARD = "gnu++0x";
				CLANG_CXX_LIBRARY = "libc++";
				CLANG_ENABLE_MODULES = YES;
				CLANG_ENABLE_OBJC_ARC = YES;
				CLANG_WARN_BOOL_CONVERSION = YES;
				CLANG_WARN_CONSTANT_CONVERSION = YES;
				CLANG_WARN_DIRECT_OBJC_ISA_USAGE = YES_ERROR;
				CLANG_WARN_DOCUMENTATION_COMMENTS = YES;
				CLANG_WARN_EMPTY_BODY = YES;
				CLANG_WARN_ENUM_CONVERSION = YES;
				CLANG_WARN_INFINITE_RECURSION = YES;
				CLANG_WARN_INT_CONVERSION = YES;
				CLANG_WARN_OBJC_ROOT_CLASS = YES_ERROR;
				CLANG_WARN_SUSPICIOUS_MOVE = YES;
				CLANG_WARN_UNREACHABLE_CODE = YES;
				CLANG_WARN__DUPLICATE_METHOD_MATCH = YES;
				"CODE_SIGN_IDENTITY[sdk=iphoneos*]" = "iPhone Developer";
				COPY_PHASE_STRIP = NO;
				DEBUG_INFORMATION_FORMAT = dwarf;
				ENABLE_STRICT_OBJC_MSGSEND = YES;
				ENABLE_TESTABILITY = YES;
				GCC_C_LANGUAGE_STANDARD = gnu99;
				GCC_DYNAMIC_NO_PIC = NO;
				GCC_NO_COMMON_BLOCKS = YES;
				GCC_OPTIMIZATION_LEVEL = 0;
				GCC_PREPROCESSOR_DEFINITIONS = (
					"DEBUG=1",
					"$(inherited)",
				);
				GCC_WARN_64_TO_32_BIT_CONVERSION = YES;
				GCC_WARN_ABOUT_RETURN_TYPE = YES_ERROR;
				GCC_WARN_UNDECLARED_SELECTOR = YES;
				GCC_WARN_UNINITIALIZED_AUTOS = YES_AGGRESSIVE;
				GCC_WARN_UNUSED_FUNCTION = YES;
				GCC_WARN_UNUSED_VARIABLE = YES;
				IPHONEOS_DEPLOYMENT_TARGET = 10.3;
				MTL_ENABLE_DEBUG_INFO = YES;
				ONLY_ACTIVE_ARCH = YES;
				SDKROOT = iphoneos;
				SWIFT_ACTIVE_COMPILATION_CONDITIONS = DEBUG;
				SWIFT_OPTIMIZATION_LEVEL = "-Onone";
			};
			name = Debug;
		};
		4C09B0261E954199006EE1CC /* Release */ = {
			isa = XCBuildConfiguration;
			buildSettings = {
				ALWAYS_SEARCH_USER_PATHS = NO;
				CLANG_ANALYZER_NONNULL = YES;
				CLANG_ANALYZER_NUMBER_OBJECT_CONVERSION = YES_AGGRESSIVE;
				CLANG_CXX_LANGUAGE_STANDARD = "gnu++0x";
				CLANG_CXX_LIBRARY = "libc++";
				CLANG_ENABLE_MODULES = YES;
				CLANG_ENABLE_OBJC_ARC = YES;
				CLANG_WARN_BOOL_CONVERSION = YES;
				CLANG_WARN_CONSTANT_CONVERSION = YES;
				CLANG_WARN_DIRECT_OBJC_ISA_USAGE = YES_ERROR;
				CLANG_WARN_DOCUMENTATION_COMMENTS = YES;
				CLANG_WARN_EMPTY_BODY = YES;
				CLANG_WARN_ENUM_CONVERSION = YES;
				CLANG_WARN_INFINITE_RECURSION = YES;
				CLANG_WARN_INT_CONVERSION = YES;
				CLANG_WARN_OBJC_ROOT_CLASS = YES_ERROR;
				CLANG_WARN_SUSPICIOUS_MOVE = YES;
				CLANG_WARN_UNREACHABLE_CODE = YES;
				CLANG_WARN__DUPLICATE_METHOD_MATCH = YES;
				"CODE_SIGN_IDENTITY[sdk=iphoneos*]" = "iPhone Developer";
				COPY_PHASE_STRIP = NO;
				DEBUG_INFORMATION_FORMAT = "dwarf-with-dsym";
				ENABLE_NS_ASSERTIONS = NO;
				ENABLE_STRICT_OBJC_MSGSEND = YES;
				GCC_C_LANGUAGE_STANDARD = gnu99;
				GCC_NO_COMMON_BLOCKS = YES;
				GCC_WARN_64_TO_32_BIT_CONVERSION = YES;
				GCC_WARN_ABOUT_RETURN_TYPE = YES_ERROR;
				GCC_WARN_UNDECLARED_SELECTOR = YES;
				GCC_WARN_UNINITIALIZED_AUTOS = YES_AGGRESSIVE;
				GCC_WARN_UNUSED_FUNCTION = YES;
				GCC_WARN_UNUSED_VARIABLE = YES;
				IPHONEOS_DEPLOYMENT_TARGET = 10.3;
				MTL_ENABLE_DEBUG_INFO = NO;
				SDKROOT = iphoneos;
				SWIFT_OPTIMIZATION_LEVEL = "-Owholemodule";
				VALIDATE_PRODUCT = YES;
			};
			name = Release;
		};
		4C09B0281E954199006EE1CC /* Debug */ = {
			isa = XCBuildConfiguration;
			buildSettings = {
				ASSETCATALOG_COMPILER_APPICON_NAME = AppIcon;
				DEVELOPMENT_TEAM = T546EF756E;
				INFOPLIST_FILE = Forecast/Info.plist;
				LD_RUNPATH_SEARCH_PATHS = "$(inherited) @executable_path/Frameworks";
				PRODUCT_BUNDLE_IDENTIFIER = com.nastia.Forecast;
				PRODUCT_NAME = "$(TARGET_NAME)";
				SWIFT_VERSION = 3.0;
			};
			name = Debug;
		};
		4C09B0291E954199006EE1CC /* Release */ = {
			isa = XCBuildConfiguration;
			buildSettings = {
				ASSETCATALOG_COMPILER_APPICON_NAME = AppIcon;
				DEVELOPMENT_TEAM = T546EF756E;
				INFOPLIST_FILE = Forecast/Info.plist;
				LD_RUNPATH_SEARCH_PATHS = "$(inherited) @executable_path/Frameworks";
				PRODUCT_BUNDLE_IDENTIFIER = com.nastia.Forecast;
				PRODUCT_NAME = "$(TARGET_NAME)";
				SWIFT_VERSION = 3.0;
			};
			name = Release;
		};
/* End XCBuildConfiguration section */

/* Begin XCConfigurationList section */
		4C09B0101E954199006EE1CC /* Build configuration list for PBXProject "Forecast" */ = {
			isa = XCConfigurationList;
			buildConfigurations = (
				4C09B0251E954199006EE1CC /* Debug */,
				4C09B0261E954199006EE1CC /* Release */,
			);
			defaultConfigurationIsVisible = 0;
			defaultConfigurationName = Release;
		};
		4C09B0271E954199006EE1CC /* Build configuration list for PBXNativeTarget "Forecast" */ = {
			isa = XCConfigurationList;
			buildConfigurations = (
				4C09B0281E954199006EE1CC /* Debug */,
				4C09B0291E954199006EE1CC /* Release */,
			);
			defaultConfigurationIsVisible = 0;
			defaultConfigurationName = Release;
		};
/* End XCConfigurationList section */
	};
	rootObject = 4C09B00D1E954199006EE1CC /* Project object */;
}
