// !$*UTF8*$!
{
	archiveVersion = 1;
	classes = {
	};
	objectVersion = 46;
	objects = {

/* Begin PBXBuildFile section */
		4C300FFD1E545A630074A585 /* AddRecipeVC.swift in Sources */ = {isa = PBXBuildFile; fileRef = 4C300FFC1E545A630074A585 /* AddRecipeVC.swift */; };
		6393785A1E4B7B36007987FF /* AppDelegate.swift in Sources */ = {isa = PBXBuildFile; fileRef = 639378591E4B7B36007987FF /* AppDelegate.swift */; };
		6393785F1E4B7B36007987FF /* Main.storyboard in Resources */ = {isa = PBXBuildFile; fileRef = 6393785D1E4B7B36007987FF /* Main.storyboard */; };
		639378611E4B7B36007987FF /* Assets.xcassets in Resources */ = {isa = PBXBuildFile; fileRef = 639378601E4B7B36007987FF /* Assets.xcassets */; };
		639378641E4B7B36007987FF /* LaunchScreen.storyboard in Resources */ = {isa = PBXBuildFile; fileRef = 639378621E4B7B36007987FF /* LaunchScreen.storyboard */; };
		6393786C1E4B7BAD007987FF /* RecipesTVC.swift in Sources */ = {isa = PBXBuildFile; fileRef = 6393786B1E4B7BAD007987FF /* RecipesTVC.swift */; };
		6393786E1E4B7BFC007987FF /* Recipe.swift in Sources */ = {isa = PBXBuildFile; fileRef = 6393786D1E4B7BFC007987FF /* Recipe.swift */; };
/* End PBXBuildFile section */

/* Begin PBXFileReference section */
		4C300FFC1E545A630074A585 /* AddRecipeVC.swift */ = {isa = PBXFileReference; fileEncoding = 4; lastKnownFileType = sourcecode.swift; path = AddRecipeVC.swift; sourceTree = "<group>"; };
		639378561E4B7B36007987FF /* Recipes.app */ = {isa = PBXFileReference; explicitFileType = wrapper.application; includeInIndex = 0; path = Recipes.app; sourceTree = BUILT_PRODUCTS_DIR; };
		639378591E4B7B36007987FF /* AppDelegate.swift */ = {isa = PBXFileReference; lastKnownFileType = sourcecode.swift; path = AppDelegate.swift; sourceTree = "<group>"; };
		6393785E1E4B7B36007987FF /* Base */ = {isa = PBXFileReference; lastKnownFileType = file.storyboard; name = Base; path = Base.lproj/Main.storyboard; sourceTree = "<group>"; };
		639378601E4B7B36007987FF /* Assets.xcassets */ = {isa = PBXFileReference; lastKnownFileType = folder.assetcatalog; path = Assets.xcassets; sourceTree = "<group>"; };
		639378631E4B7B36007987FF /* Base */ = {isa = PBXFileReference; lastKnownFileType = file.storyboard; name = Base; path = Base.lproj/LaunchScreen.storyboard; sourceTree = "<group>"; };
		639378651E4B7B36007987FF /* Info.plist */ = {isa = PBXFileReference; lastKnownFileType = text.plist.xml; path = Info.plist; sourceTree = "<group>"; };
		6393786B1E4B7BAD007987FF /* RecipesTVC.swift */ = {isa = PBXFileReference; fileEncoding = 4; lastKnownFileType = sourcecode.swift; path = RecipesTVC.swift; sourceTree = "<group>"; };
		6393786D1E4B7BFC007987FF /* Recipe.swift */ = {isa = PBXFileReference; fileEncoding = 4; lastKnownFileType = sourcecode.swift; path = Recipe.swift; sourceTree = "<group>"; };
/* End PBXFileReference section */

/* Begin PBXFrameworksBuildPhase section */
		639378531E4B7B36007987FF /* Frameworks */ = {
			isa = PBXFrameworksBuildPhase;
			buildActionMask = 2147483647;
			files = (
			);
			runOnlyForDeploymentPostprocessing = 0;
		};
/* End PBXFrameworksBuildPhase section */

/* Begin PBXGroup section */
		6393784D1E4B7B36007987FF = {
			isa = PBXGroup;
			children = (
				639378581E4B7B36007987FF /* Recipes */,
				639378571E4B7B36007987FF /* Products */,
			);
			sourceTree = "<group>";
		};
		639378571E4B7B36007987FF /* Products */ = {
			isa = PBXGroup;
			children = (
				639378561E4B7B36007987FF /* Recipes.app */,
			);
			name = Products;
			sourceTree = "<group>";
		};
		639378581E4B7B36007987FF /* Recipes */ = {
			isa = PBXGroup;
			children = (
				639378591E4B7B36007987FF /* AppDelegate.swift */,
				6393785D1E4B7B36007987FF /* Main.storyboard */,
				6393786B1E4B7BAD007987FF /* RecipesTVC.swift */,
				4C300FFC1E545A630074A585 /* AddRecipeVC.swift */,
				6393786D1E4B7BFC007987FF /* Recipe.swift */,
				639378601E4B7B36007987FF /* Assets.xcassets */,
				639378621E4B7B36007987FF /* LaunchScreen.storyboard */,
				639378651E4B7B36007987FF /* Info.plist */,
			);
			path = Recipes;
			sourceTree = "<group>";
		};
/* End PBXGroup section */

/* Begin PBXNativeTarget section */
		639378551E4B7B36007987FF /* Recipes */ = {
			isa = PBXNativeTarget;
			buildConfigurationList = 639378681E4B7B36007987FF /* Build configuration list for PBXNativeTarget "Recipes" */;
			buildPhases = (
				639378521E4B7B36007987FF /* Sources */,
				639378531E4B7B36007987FF /* Frameworks */,
				639378541E4B7B36007987FF /* Resources */,
			);
			buildRules = (
			);
			dependencies = (
			);
			name = Recipes;
			productName = Recipes;
			productReference = 639378561E4B7B36007987FF /* Recipes.app */;
			productType = "com.apple.product-type.application";
		};
/* End PBXNativeTarget section */

/* Begin PBXProject section */
		6393784E1E4B7B36007987FF /* Project object */ = {
			isa = PBXProject;
			attributes = {
				LastSwiftUpdateCheck = 0820;
				LastUpgradeCheck = 0820;
				ORGANIZATIONNAME = "Artemiy Sobolev";
				TargetAttributes = {
					639378551E4B7B36007987FF = {
						CreatedOnToolsVersion = 8.2.1;
						DevelopmentTeam = L9Q862K2CW;
						ProvisioningStyle = Automatic;
					};
				};
			};
			buildConfigurationList = 639378511E4B7B36007987FF /* Build configuration list for PBXProject "Recipes" */;
			compatibilityVersion = "Xcode 3.2";
			developmentRegion = English;
			hasScannedForEncodings = 0;
			knownRegions = (
				en,
				Base,
			);
			mainGroup = 6393784D1E4B7B36007987FF;
			productRefGroup = 639378571E4B7B36007987FF /* Products */;
			projectDirPath = "";
			projectRoot = "";
			targets = (
				639378551E4B7B36007987FF /* Recipes */,
			);
		};
/* End PBXProject section */

/* Begin PBXResourcesBuildPhase section */
		639378541E4B7B36007987FF /* Resources */ = {
			isa = PBXResourcesBuildPhase;
			buildActionMask = 2147483647;
			files = (
				639378641E4B7B36007987FF /* LaunchScreen.storyboard in Resources */,
				639378611E4B7B36007987FF /* Assets.xcassets in Resources */,
				6393785F1E4B7B36007987FF /* Main.storyboard in Resources */,
			);
			runOnlyForDeploymentPostprocessing = 0;
		};
/* End PBXResourcesBuildPhase section */

/* Begin PBXSourcesBuildPhase section */
		639378521E4B7B36007987FF /* Sources */ = {
			isa = PBXSourcesBuildPhase;
			buildActionMask = 2147483647;
			files = (
				6393786E1E4B7BFC007987FF /* Recipe.swift in Sources */,
				4C300FFD1E545A630074A585 /* AddRecipeVC.swift in Sources */,
				6393785A1E4B7B36007987FF /* AppDelegate.swift in Sources */,
				6393786C1E4B7BAD007987FF /* RecipesTVC.swift in Sources */,
			);
			runOnlyForDeploymentPostprocessing = 0;
		};
/* End PBXSourcesBuildPhase section */

/* Begin PBXVariantGroup section */
		6393785D1E4B7B36007987FF /* Main.storyboard */ = {
			isa = PBXVariantGroup;
			children = (
				6393785E1E4B7B36007987FF /* Base */,
			);
			name = Main.storyboard;
			sourceTree = "<group>";
		};
		639378621E4B7B36007987FF /* LaunchScreen.storyboard */ = {
			isa = PBXVariantGroup;
			children = (
				639378631E4B7B36007987FF /* Base */,
			);
			name = LaunchScreen.storyboard;
			sourceTree = "<group>";
		};
/* End PBXVariantGroup section */

/* Begin XCBuildConfiguration section */
		639378661E4B7B36007987FF /* Debug */ = {
			isa = XCBuildConfiguration;
			buildSettings = {
				ALWAYS_SEARCH_USER_PATHS = NO;
				CLANG_ANALYZER_NONNULL = YES;
				CLANG_CXX_LANGUAGE_STANDARD = "gnu++0x";
				CLANG_CXX_LIBRARY = "libc++";
				CLANG_ENABLE_MODULES = YES;
				CLANG_ENABLE_OBJC_ARC = YES;
				CLANG_WARN_BOOL_CONVERSION = YES;
				CLANG_WARN_CONSTANT_CONVERSION = YES;
				CLANG_WARN_DIRECT_OBJC_ISA_USAGE = YES_ERROR;
				CLANG_WARN_DOCUMENTATION_COMMENTS = YES;
				CLANG_WARN_EMPTY_BODY = YES;
				CLANG_WARN_ENUM_CONVERSION = YES;
				CLANG_WARN_INFINITE_RECURSION = YES;
				CLANG_WARN_INT_CONVERSION = YES;
				CLANG_WARN_OBJC_ROOT_CLASS = YES_ERROR;
				CLANG_WARN_SUSPICIOUS_MOVE = YES;
				CLANG_WARN_UNREACHABLE_CODE = YES;
				CLANG_WARN__DUPLICATE_METHOD_MATCH = YES;
				"CODE_SIGN_IDENTITY[sdk=iphoneos*]" = "iPhone Developer";
				COPY_PHASE_STRIP = NO;
				DEBUG_INFORMATION_FORMAT = dwarf;
				ENABLE_STRICT_OBJC_MSGSEND = YES;
				ENABLE_TESTABILITY = YES;
				GCC_C_LANGUAGE_STANDARD = gnu99;
				GCC_DYNAMIC_NO_PIC = NO;
				GCC_NO_COMMON_BLOCKS = YES;
				GCC_OPTIMIZATION_LEVEL = 0;
				GCC_PREPROCESSOR_DEFINITIONS = (
					"DEBUG=1",
					"$(inherited)",
				);
				GCC_WARN_64_TO_32_BIT_CONVERSION = YES;
				GCC_WARN_ABOUT_RETURN_TYPE = YES_ERROR;
				GCC_WARN_UNDECLARED_SELECTOR = YES;
				GCC_WARN_UNINITIALIZED_AUTOS = YES_AGGRESSIVE;
				GCC_WARN_UNUSED_FUNCTION = YES;
				GCC_WARN_UNUSED_VARIABLE = YES;
				IPHONEOS_DEPLOYMENT_TARGET = 10.2;
				MTL_ENABLE_DEBUG_INFO = YES;
				ONLY_ACTIVE_ARCH = YES;
				SDKROOT = iphoneos;
				SWIFT_ACTIVE_COMPILATION_CONDITIONS = DEBUG;
				SWIFT_OPTIMIZATION_LEVEL = "-Onone";
				TARGETED_DEVICE_FAMILY = "1,2";
			};
			name = Debug;
		};
		639378671E4B7B36007987FF /* Release */ = {
			isa = XCBuildConfiguration;
			buildSettings = {
				ALWAYS_SEARCH_USER_PATHS = NO;
				CLANG_ANALYZER_NONNULL = YES;
				CLANG_CXX_LANGUAGE_STANDARD = "gnu++0x";
				CLANG_CXX_LIBRARY = "libc++";
				CLANG_ENABLE_MODULES = YES;
				CLANG_ENABLE_OBJC_ARC = YES;
				CLANG_WARN_BOOL_CONVERSION = YES;
				CLANG_WARN_CONSTANT_CONVERSION = YES;
				CLANG_WARN_DIRECT_OBJC_ISA_USAGE = YES_ERROR;
				CLANG_WARN_DOCUMENTATION_COMMENTS = YES;
				CLANG_WARN_EMPTY_BODY = YES;
				CLANG_WARN_ENUM_CONVERSION = YES;
				CLANG_WARN_INFINITE_RECURSION = YES;
				CLANG_WARN_INT_CONVERSION = YES;
				CLANG_WARN_OBJC_ROOT_CLASS = YES_ERROR;
				CLANG_WARN_SUSPICIOUS_MOVE = YES;
				CLANG_WARN_UNREACHABLE_CODE = YES;
				CLANG_WARN__DUPLICATE_METHOD_MATCH = YES;
				"CODE_SIGN_IDENTITY[sdk=iphoneos*]" = "iPhone Developer";
				COPY_PHASE_STRIP = NO;
				DEBUG_INFORMATION_FORMAT = "dwarf-with-dsym";
				ENABLE_NS_ASSERTIONS = NO;
				ENABLE_STRICT_OBJC_MSGSEND = YES;
				GCC_C_LANGUAGE_STANDARD = gnu99;
				GCC_NO_COMMON_BLOCKS = YES;
				GCC_WARN_64_TO_32_BIT_CONVERSION = YES;
				GCC_WARN_ABOUT_RETURN_TYPE = YES_ERROR;
				GCC_WARN_UNDECLARED_SELECTOR = YES;
				GCC_WARN_UNINITIALIZED_AUTOS = YES_AGGRESSIVE;
				GCC_WARN_UNUSED_FUNCTION = YES;
				GCC_WARN_UNUSED_VARIABLE = YES;
				IPHONEOS_DEPLOYMENT_TARGET = 10.2;
				MTL_ENABLE_DEBUG_INFO = NO;
				SDKROOT = iphoneos;
				SWIFT_OPTIMIZATION_LEVEL = "-Owholemodule";
				TARGETED_DEVICE_FAMILY = "1,2";
				VALIDATE_PRODUCT = YES;
			};
			name = Release;
		};
		639378691E4B7B36007987FF /* Debug */ = {
			isa = XCBuildConfiguration;
			buildSettings = {
				ASSETCATALOG_COMPILER_APPICON_NAME = AppIcon;
				DEVELOPMENT_TEAM = L9Q862K2CW;
				INFOPLIST_FILE = Recipes/Info.plist;
				LD_RUNPATH_SEARCH_PATHS = "$(inherited) @executable_path/Frameworks";
				PRODUCT_BUNDLE_IDENTIFIER = com.mipt.Recipes;
				PRODUCT_NAME = "$(TARGET_NAME)";
				SWIFT_VERSION = 3.0;
			};
			name = Debug;
		};
		6393786A1E4B7B36007987FF /* Release */ = {
			isa = XCBuildConfiguration;
			buildSettings = {
				ASSETCATALOG_COMPILER_APPICON_NAME = AppIcon;
				DEVELOPMENT_TEAM = L9Q862K2CW;
				INFOPLIST_FILE = Recipes/Info.plist;
				LD_RUNPATH_SEARCH_PATHS = "$(inherited) @executable_path/Frameworks";
				PRODUCT_BUNDLE_IDENTIFIER = com.mipt.Recipes;
				PRODUCT_NAME = "$(TARGET_NAME)";
				SWIFT_VERSION = 3.0;
			};
			name = Release;
		};
/* End XCBuildConfiguration section */

/* Begin XCConfigurationList section */
		639378511E4B7B36007987FF /* Build configuration list for PBXProject "Recipes" */ = {
			isa = XCConfigurationList;
			buildConfigurations = (
				639378661E4B7B36007987FF /* Debug */,
				639378671E4B7B36007987FF /* Release */,
			);
			defaultConfigurationIsVisible = 0;
			defaultConfigurationName = Release;
		};
		639378681E4B7B36007987FF /* Build configuration list for PBXNativeTarget "Recipes" */ = {
			isa = XCConfigurationList;
			buildConfigurations = (
				639378691E4B7B36007987FF /* Debug */,
				6393786A1E4B7B36007987FF /* Release */,
			);
			defaultConfigurationIsVisible = 0;
			defaultConfigurationName = Release;
		};
/* End XCConfigurationList section */
	};
	rootObject = 6393784E1E4B7B36007987FF /* Project object */;
}
