// !$*UTF8*$!
{
	archiveVersion = 1;
	classes = {
	};
	objectVersion = 46;
	objects = {

/* Begin PBXBuildFile section */
		63E20C9E1E79A3AB005F28CC /* AppDelegate.swift in Sources */ = {isa = PBXBuildFile; fileRef = 63E20C9D1E79A3AB005F28CC /* AppDelegate.swift */; };
		63E20CA01E79A3AB005F28CC /* ViewController.swift in Sources */ = {isa = PBXBuildFile; fileRef = 63E20C9F1E79A3AB005F28CC /* ViewController.swift */; };
		63E20CA31E79A3AB005F28CC /* Main.storyboard in Resources */ = {isa = PBXBuildFile; fileRef = 63E20CA11E79A3AB005F28CC /* Main.storyboard */; };
		63E20CA51E79A3AB005F28CC /* Assets.xcassets in Resources */ = {isa = PBXBuildFile; fileRef = 63E20CA41E79A3AB005F28CC /* Assets.xcassets */; };
		63E20CA81E79A3AB005F28CC /* LaunchScreen.storyboard in Resources */ = {isa = PBXBuildFile; fileRef = 63E20CA61E79A3AB005F28CC /* LaunchScreen.storyboard */; };
		63E20CB01E79ADCE005F28CC /* DynamicsVC.swift in Sources */ = {isa = PBXBuildFile; fileRef = 63E20CAF1E79ADCE005F28CC /* DynamicsVC.swift */; };
/* End PBXBuildFile section */

/* Begin PBXFileReference section */
		63E20C9A1E79A3AB005F28CC /* AnimationsDemo.app */ = {isa = PBXFileReference; explicitFileType = wrapper.application; includeInIndex = 0; path = AnimationsDemo.app; sourceTree = BUILT_PRODUCTS_DIR; };
		63E20C9D1E79A3AB005F28CC /* AppDelegate.swift */ = {isa = PBXFileReference; lastKnownFileType = sourcecode.swift; path = AppDelegate.swift; sourceTree = "<group>"; };
		63E20C9F1E79A3AB005F28CC /* ViewController.swift */ = {isa = PBXFileReference; lastKnownFileType = sourcecode.swift; path = ViewController.swift; sourceTree = "<group>"; };
		63E20CA21E79A3AB005F28CC /* Base */ = {isa = PBXFileReference; lastKnownFileType = file.storyboard; name = Base; path = Base.lproj/Main.storyboard; sourceTree = "<group>"; };
		63E20CA41E79A3AB005F28CC /* Assets.xcassets */ = {isa = PBXFileReference; lastKnownFileType = folder.assetcatalog; path = Assets.xcassets; sourceTree = "<group>"; };
		63E20CA71E79A3AB005F28CC /* Base */ = {isa = PBXFileReference; lastKnownFileType = file.storyboard; name = Base; path = Base.lproj/LaunchScreen.storyboard; sourceTree = "<group>"; };
		63E20CA91E79A3AB005F28CC /* Info.plist */ = {isa = PBXFileReference; lastKnownFileType = text.plist.xml; path = Info.plist; sourceTree = "<group>"; };
		63E20CAF1E79ADCE005F28CC /* DynamicsVC.swift */ = {isa = PBXFileReference; fileEncoding = 4; lastKnownFileType = sourcecode.swift; path = DynamicsVC.swift; sourceTree = "<group>"; };
/* End PBXFileReference section */

/* Begin PBXFrameworksBuildPhase section */
		63E20C971E79A3AB005F28CC /* Frameworks */ = {
			isa = PBXFrameworksBuildPhase;
			buildActionMask = 2147483647;
			files = (
			);
			runOnlyForDeploymentPostprocessing = 0;
		};
/* End PBXFrameworksBuildPhase section */

/* Begin PBXGroup section */
		63E20C911E79A3AB005F28CC = {
			isa = PBXGroup;
			children = (
				63E20C9C1E79A3AB005F28CC /* AnimationsDemo */,
				63E20C9B1E79A3AB005F28CC /* Products */,
			);
			sourceTree = "<group>";
		};
		63E20C9B1E79A3AB005F28CC /* Products */ = {
			isa = PBXGroup;
			children = (
				63E20C9A1E79A3AB005F28CC /* AnimationsDemo.app */,
			);
			name = Products;
			sourceTree = "<group>";
		};
		63E20C9C1E79A3AB005F28CC /* AnimationsDemo */ = {
			isa = PBXGroup;
			children = (
				63E20C9D1E79A3AB005F28CC /* AppDelegate.swift */,
				63E20C9F1E79A3AB005F28CC /* ViewController.swift */,
				63E20CAF1E79ADCE005F28CC /* DynamicsVC.swift */,
				63E20CA11E79A3AB005F28CC /* Main.storyboard */,
				63E20CA41E79A3AB005F28CC /* Assets.xcassets */,
				63E20CA61E79A3AB005F28CC /* LaunchScreen.storyboard */,
				63E20CA91E79A3AB005F28CC /* Info.plist */,
			);
			path = AnimationsDemo;
			sourceTree = "<group>";
		};
/* End PBXGroup section */

/* Begin PBXNativeTarget section */
		63E20C991E79A3AB005F28CC /* AnimationsDemo */ = {
			isa = PBXNativeTarget;
			buildConfigurationList = 63E20CAC1E79A3AB005F28CC /* Build configuration list for PBXNativeTarget "AnimationsDemo" */;
			buildPhases = (
				63E20C961E79A3AB005F28CC /* Sources */,
				63E20C971E79A3AB005F28CC /* Frameworks */,
				63E20C981E79A3AB005F28CC /* Resources */,
			);
			buildRules = (
			);
			dependencies = (
			);
			name = AnimationsDemo;
			productName = AnimationsDemo;
			productReference = 63E20C9A1E79A3AB005F28CC /* AnimationsDemo.app */;
			productType = "com.apple.product-type.application";
		};
/* End PBXNativeTarget section */

/* Begin PBXProject section */
		63E20C921E79A3AB005F28CC /* Project object */ = {
			isa = PBXProject;
			attributes = {
				LastSwiftUpdateCheck = 0820;
				LastUpgradeCheck = 0820;
				ORGANIZATIONNAME = mipt;
				TargetAttributes = {
					63E20C991E79A3AB005F28CC = {
						CreatedOnToolsVersion = 8.2.1;
						DevelopmentTeam = 53SA4N65K2;
						ProvisioningStyle = Automatic;
					};
				};
			};
			buildConfigurationList = 63E20C951E79A3AB005F28CC /* Build configuration list for PBXProject "AnimationsDemo" */;
			compatibilityVersion = "Xcode 3.2";
			developmentRegion = English;
			hasScannedForEncodings = 0;
			knownRegions = (
				en,
				Base,
			);
			mainGroup = 63E20C911E79A3AB005F28CC;
			productRefGroup = 63E20C9B1E79A3AB005F28CC /* Products */;
			projectDirPath = "";
			projectRoot = "";
			targets = (
				63E20C991E79A3AB005F28CC /* AnimationsDemo */,
			);
		};
/* End PBXProject section */

/* Begin PBXResourcesBuildPhase section */
		63E20C981E79A3AB005F28CC /* Resources */ = {
			isa = PBXResourcesBuildPhase;
			buildActionMask = 2147483647;
			files = (
				63E20CA81E79A3AB005F28CC /* LaunchScreen.storyboard in Resources */,
				63E20CA51E79A3AB005F28CC /* Assets.xcassets in Resources */,
				63E20CA31E79A3AB005F28CC /* Main.storyboard in Resources */,
			);
			runOnlyForDeploymentPostprocessing = 0;
		};
/* End PBXResourcesBuildPhase section */

/* Begin PBXSourcesBuildPhase section */
		63E20C961E79A3AB005F28CC /* Sources */ = {
			isa = PBXSourcesBuildPhase;
			buildActionMask = 2147483647;
			files = (
				63E20CA01E79A3AB005F28CC /* ViewController.swift in Sources */,
				63E20C9E1E79A3AB005F28CC /* AppDelegate.swift in Sources */,
				63E20CB01E79ADCE005F28CC /* DynamicsVC.swift in Sources */,
			);
			runOnlyForDeploymentPostprocessing = 0;
		};
/* End PBXSourcesBuildPhase section */

/* Begin PBXVariantGroup section */
		63E20CA11E79A3AB005F28CC /* Main.storyboard */ = {
			isa = PBXVariantGroup;
			children = (
				63E20CA21E79A3AB005F28CC /* Base */,
			);
			name = Main.storyboard;
			sourceTree = "<group>";
		};
		63E20CA61E79A3AB005F28CC /* LaunchScreen.storyboard */ = {
			isa = PBXVariantGroup;
			children = (
				63E20CA71E79A3AB005F28CC /* Base */,
			);
			name = LaunchScreen.storyboard;
			sourceTree = "<group>";
		};
/* End PBXVariantGroup section */

/* Begin XCBuildConfiguration section */
		63E20CAA1E79A3AB005F28CC /* Debug */ = {
			isa = XCBuildConfiguration;
			buildSettings = {
				ALWAYS_SEARCH_USER_PATHS = NO;
				CLANG_ANALYZER_NONNULL = YES;
				CLANG_CXX_LANGUAGE_STANDARD = "gnu++0x";
				CLANG_CXX_LIBRARY = "libc++";
				CLANG_ENABLE_MODULES = YES;
				CLANG_ENABLE_OBJC_ARC = YES;
				CLANG_WARN_BOOL_CONVERSION = YES;
				CLANG_WARN_CONSTANT_CONVERSION = YES;
				CLANG_WARN_DIRECT_OBJC_ISA_USAGE = YES_ERROR;
				CLANG_WARN_DOCUMENTATION_COMMENTS = YES;
				CLANG_WARN_EMPTY_BODY = YES;
				CLANG_WARN_ENUM_CONVERSION = YES;
				CLANG_WARN_INFINITE_RECURSION = YES;
				CLANG_WARN_INT_CONVERSION = YES;
				CLANG_WARN_OBJC_ROOT_CLASS = YES_ERROR;
				CLANG_WARN_SUSPICIOUS_MOVE = YES;
				CLANG_WARN_UNREACHABLE_CODE = YES;
				CLANG_WARN__DUPLICATE_METHOD_MATCH = YES;
				"CODE_SIGN_IDENTITY[sdk=iphoneos*]" = "iPhone Developer";
				COPY_PHASE_STRIP = NO;
				DEBUG_INFORMATION_FORMAT = dwarf;
				ENABLE_STRICT_OBJC_MSGSEND = YES;
				ENABLE_TESTABILITY = YES;
				GCC_C_LANGUAGE_STANDARD = gnu99;
				GCC_DYNAMIC_NO_PIC = NO;
				GCC_NO_COMMON_BLOCKS = YES;
				GCC_OPTIMIZATION_LEVEL = 0;
				GCC_PREPROCESSOR_DEFINITIONS = (
					"DEBUG=1",
					"$(inherited)",
				);
				GCC_WARN_64_TO_32_BIT_CONVERSION = YES;
				GCC_WARN_ABOUT_RETURN_TYPE = YES_ERROR;
				GCC_WARN_UNDECLARED_SELECTOR = YES;
				GCC_WARN_UNINITIALIZED_AUTOS = YES_AGGRESSIVE;
				GCC_WARN_UNUSED_FUNCTION = YES;
				GCC_WARN_UNUSED_VARIABLE = YES;
				IPHONEOS_DEPLOYMENT_TARGET = 10.2;
				MTL_ENABLE_DEBUG_INFO = YES;
				ONLY_ACTIVE_ARCH = YES;
				SDKROOT = iphoneos;
				SWIFT_ACTIVE_COMPILATION_CONDITIONS = DEBUG;
				SWIFT_OPTIMIZATION_LEVEL = "-Onone";
				TARGETED_DEVICE_FAMILY = "1,2";
			};
			name = Debug;
		};
		63E20CAB1E79A3AB005F28CC /* Release */ = {
			isa = XCBuildConfiguration;
			buildSettings = {
				ALWAYS_SEARCH_USER_PATHS = NO;
				CLANG_ANALYZER_NONNULL = YES;
				CLANG_CXX_LANGUAGE_STANDARD = "gnu++0x";
				CLANG_CXX_LIBRARY = "libc++";
				CLANG_ENABLE_MODULES = YES;
				CLANG_ENABLE_OBJC_ARC = YES;
				CLANG_WARN_BOOL_CONVERSION = YES;
				CLANG_WARN_CONSTANT_CONVERSION = YES;
				CLANG_WARN_DIRECT_OBJC_ISA_USAGE = YES_ERROR;
				CLANG_WARN_DOCUMENTATION_COMMENTS = YES;
				CLANG_WARN_EMPTY_BODY = YES;
				CLANG_WARN_ENUM_CONVERSION = YES;
				CLANG_WARN_INFINITE_RECURSION = YES;
				CLANG_WARN_INT_CONVERSION = YES;
				CLANG_WARN_OBJC_ROOT_CLASS = YES_ERROR;
				CLANG_WARN_SUSPICIOUS_MOVE = YES;
				CLANG_WARN_UNREACHABLE_CODE = YES;
				CLANG_WARN__DUPLICATE_METHOD_MATCH = YES;
				"CODE_SIGN_IDENTITY[sdk=iphoneos*]" = "iPhone Developer";
				COPY_PHASE_STRIP = NO;
				DEBUG_INFORMATION_FORMAT = "dwarf-with-dsym";
				ENABLE_NS_ASSERTIONS = NO;
				ENABLE_STRICT_OBJC_MSGSEND = YES;
				GCC_C_LANGUAGE_STANDARD = gnu99;
				GCC_NO_COMMON_BLOCKS = YES;
				GCC_WARN_64_TO_32_BIT_CONVERSION = YES;
				GCC_WARN_ABOUT_RETURN_TYPE = YES_ERROR;
				GCC_WARN_UNDECLARED_SELECTOR = YES;
				GCC_WARN_UNINITIALIZED_AUTOS = YES_AGGRESSIVE;
				GCC_WARN_UNUSED_FUNCTION = YES;
				GCC_WARN_UNUSED_VARIABLE = YES;
				IPHONEOS_DEPLOYMENT_TARGET = 10.2;
				MTL_ENABLE_DEBUG_INFO = NO;
				SDKROOT = iphoneos;
				SWIFT_OPTIMIZATION_LEVEL = "-Owholemodule";
				TARGETED_DEVICE_FAMILY = "1,2";
				VALIDATE_PRODUCT = YES;
			};
			name = Release;
		};
		63E20CAD1E79A3AB005F28CC /* Debug */ = {
			isa = XCBuildConfiguration;
			buildSettings = {
				ASSETCATALOG_COMPILER_APPICON_NAME = AppIcon;
				DEVELOPMENT_TEAM = 53SA4N65K2;
				INFOPLIST_FILE = AnimationsDemo/Info.plist;
				LD_RUNPATH_SEARCH_PATHS = "$(inherited) @executable_path/Frameworks";
				PRODUCT_BUNDLE_IDENTIFIER = com.mipt.AnimationsDemo;
				PRODUCT_NAME = "$(TARGET_NAME)";
				SWIFT_VERSION = 3.0;
			};
			name = Debug;
		};
		63E20CAE1E79A3AB005F28CC /* Release */ = {
			isa = XCBuildConfiguration;
			buildSettings = {
				ASSETCATALOG_COMPILER_APPICON_NAME = AppIcon;
				DEVELOPMENT_TEAM = 53SA4N65K2;
				INFOPLIST_FILE = AnimationsDemo/Info.plist;
				LD_RUNPATH_SEARCH_PATHS = "$(inherited) @executable_path/Frameworks";
				PRODUCT_BUNDLE_IDENTIFIER = com.mipt.AnimationsDemo;
				PRODUCT_NAME = "$(TARGET_NAME)";
				SWIFT_VERSION = 3.0;
			};
			name = Release;
		};
/* End XCBuildConfiguration section */

/* Begin XCConfigurationList section */
		63E20C951E79A3AB005F28CC /* Build configuration list for PBXProject "AnimationsDemo" */ = {
			isa = XCConfigurationList;
			buildConfigurations = (
				63E20CAA1E79A3AB005F28CC /* Debug */,
				63E20CAB1E79A3AB005F28CC /* Release */,
			);
			defaultConfigurationIsVisible = 0;
			defaultConfigurationName = Release;
		};
		63E20CAC1E79A3AB005F28CC /* Build configuration list for PBXNativeTarget "AnimationsDemo" */ = {
			isa = XCConfigurationList;
			buildConfigurations = (
				63E20CAD1E79A3AB005F28CC /* Debug */,
				63E20CAE1E79A3AB005F28CC /* Release */,
			);
			defaultConfigurationIsVisible = 0;
			defaultConfigurationName = Release;
		};
/* End XCConfigurationList section */
	};
	rootObject = 63E20C921E79A3AB005F28CC /* Project object */;
}
